
Microsoft Visual Studio Solution File, Format Version 12.00
# Visual Studio Version 17
VisualStudioVersion = 17.11.35327.3
MinimumVisualStudioVersion = 10.0.40219.1
Project("{FAE04EC0-301F-11D3-BF4B-00C04F79EFBC}") = "WebApi", "WebApi\WebApi.csproj", "{F0EAD99B-A393-4F95-A53D-2153D825B736}"
EndProject
Project("{FAE04EC0-301F-11D3-BF4B-00C04F79EFBC}") = "Persistence", "Persistence\Persistence.csproj", "{0D3DCDAF-3EA3-42F5-957A-0510697B7548}"
EndProject
Project("{FAE04EC0-301F-11D3-BF4B-00C04F79EFBC}") = "Domain", "Domain\Domain.csproj", "{5C691073-6C19-45AF-A256-A31C8478334A}"
EndProject
Project("{FAE04EC0-301F-11D3-BF4B-00C04F79EFBC}") = "Application", "Application\Application.csproj", "{05095579-D23D-4039-B6C1-299CD7168C0A}"
EndProject
Project("{FAE04EC0-301F-11D3-BF4B-00C04F79EFBC}") = "Infrastructure", "Infrastructure\Infrastructure.csproj", "{6D03E145-2DD4-4391-9953-3228CF8B3347}"
EndProject
Global
	GlobalSection(SolutionConfigurationPlatforms) = preSolution
		Debug|Any CPU = Debug|Any CPU
		Release|Any CPU = Release|Any CPU
	EndGlobalSection
	GlobalSection(ProjectConfigurationPlatforms) = postSolution
		{F0EAD99B-A393-4F95-A53D-2153D825B736}.Debug|Any CPU.ActiveCfg = Debug|Any CPU
		{F0EAD99B-A393-4F95-A53D-2153D825B736}.Debug|Any CPU.Build.0 = Debug|Any CPU
		{F0EAD99B-A393-4F95-A53D-2153D825B736}.Release|Any CPU.ActiveCfg = Release|Any CPU
		{F0EAD99B-A393-4F95-A53D-2153D825B736}.Release|Any CPU.Build.0 = Release|Any CPU
		{0D3DCDAF-3EA3-42F5-957A-0510697B7548}.Debug|Any CPU.ActiveCfg = Debug|Any CPU
		{0D3DCDAF-3EA3-42F5-957A-0510697B7548}.Debug|Any CPU.Build.0 = Debug|Any CPU
		{0D3DCDAF-3EA3-42F5-957A-0510697B7548}.Release|Any CPU.ActiveCfg = Release|Any CPU
		{0D3DCDAF-3EA3-42F5-957A-0510697B7548}.Release|Any CPU.Build.0 = Release|Any CPU
		{5C691073-6C19-45AF-A256-A31C8478334A}.Debug|Any CPU.ActiveCfg = Debug|Any CPU
		{5C691073-6C19-45AF-A256-A31C8478334A}.Debug|Any CPU.Build.0 = Debug|Any CPU
		{5C691073-6C19-45AF-A256-A31C8478334A}.Release|Any CPU.ActiveCfg = Release|Any CPU
		{5C691073-6C19-45AF-A256-A31C8478334A}.Release|Any CPU.Build.0 = Release|Any CPU
		{05095579-D23D-4039-B6C1-299CD7168C0A}.Debug|Any CPU.ActiveCfg = Debug|Any CPU
		{05095579-D23D-4039-B6C1-299CD7168C0A}.Debug|Any CPU.Build.0 = Debug|Any CPU
		{05095579-D23D-4039-B6C1-299CD7168C0A}.Release|Any CPU.ActiveCfg = Release|Any CPU
		{05095579-D23D-4039-B6C1-299CD7168C0A}.Release|Any CPU.Build.0 = Release|Any CPU
		{6D03E145-2DD4-4391-9953-3228CF8B3347}.Debug|Any CPU.ActiveCfg = Debug|Any CPU
		{6D03E145-2DD4-4391-9953-3228CF8B3347}.Debug|Any CPU.Build.0 = Debug|Any CPU
		{6D03E145-2DD4-4391-9953-3228CF8B3347}.Release|Any CPU.ActiveCfg = Release|Any CPU
		{6D03E145-2DD4-4391-9953-3228CF8B3347}.Release|Any CPU.Build.0 = Release|Any CPU
	EndGlobalSection
	GlobalSection(SolutionProperties) = preSolution
		HideSolutionNode = FALSE
	EndGlobalSection
	GlobalSection(ExtensibilityGlobals) = postSolution
		SolutionGuid = {CECAB2F3-7BA5-4240-B8C7-D0059FE33990}
	EndGlobalSection
EndGlobal
